
Microsoft Visual Studio Solution File, Format Version 12.00
# Visual Studio Version 16
VisualStudioVersion = 16.0.30717.126
MinimumVisualStudioVersion = 10.0.40219.1
Project("{FAE04EC0-301F-11D3-BF4B-00C04F79EFBC}") = "AlphaListParser", "AlphaListParser.csproj", "{2DEFC7FE-D20F-4A2D-862C-26B65D8C1901}"
EndProject
Global
	GlobalSection(SolutionConfigurationPlatforms) = preSolution
		Debug|Any CPU = Debug|Any CPU
		Release|Any CPU = Release|Any CPU
	EndGlobalSection
	GlobalSection(ProjectConfigurationPlatforms) = postSolution
		{2DEFC7FE-D20F-4A2D-862C-26B65D8C1901}.Debug|Any CPU.ActiveCfg = Debug|Any CPU
		{2DEFC7FE-D20F-4A2D-862C-26B65D8C1901}.Debug|Any CPU.Build.0 = Debug|Any CPU
		{2DEFC7FE-D20F-4A2D-862C-26B65D8C1901}.Release|Any CPU.ActiveCfg = Release|Any CPU
		{2DEFC7FE-D20F-4A2D-862C-26B65D8C1901}.Release|Any CPU.Build.0 = Release|Any CPU
	EndGlobalSection
	GlobalSection(SolutionProperties) = preSolution
		HideSolutionNode = FALSE
	EndGlobalSection
	GlobalSection(ExtensibilityGlobals) = postSolution
		SolutionGuid = {5CC002CA-56B6-4FC9-B524-FB0F659B1715}
	EndGlobalSection
EndGlobal
